// !$*UTF8*$!
{
	archiveVersion = 1;
	classes = {
	};
	objectVersion = 46;
	objects = {

/* Begin PBXBuildFile section */
		DA1E05DE1EE6FAC900DDAC9B /* MCreateContentCard.swift in Sources */ = {isa = PBXBuildFile; fileRef = DA1E05DD1EE6FAC900DDAC9B /* MCreateContentCard.swift */; };
		DA1E05E01EE6FB1800DDAC9B /* VCreateCellCard.swift in Sources */ = {isa = PBXBuildFile; fileRef = DA1E05DF1EE6FB1800DDAC9B /* VCreateCellCard.swift */; };
		DA1E05E21EE7003100DDAC9B /* VCreateCellCardText.swift in Sources */ = {isa = PBXBuildFile; fileRef = DA1E05E11EE7003100DDAC9B /* VCreateCellCardText.swift */; };
		DA1E05E41EE706D500DDAC9B /* MCreateFont.swift in Sources */ = {isa = PBXBuildFile; fileRef = DA1E05E31EE706D500DDAC9B /* MCreateFont.swift */; };
		DA1E05E61EE707F600DDAC9B /* MCreateFontName.swift in Sources */ = {isa = PBXBuildFile; fileRef = DA1E05E51EE707F600DDAC9B /* MCreateFontName.swift */; };
		DA1E05E81EE708EE00DDAC9B /* ResourceFonts.plist in Resources */ = {isa = PBXBuildFile; fileRef = DA1E05E71EE708EE00DDAC9B /* ResourceFonts.plist */; };
		DA31305A1EE1A40000DB2FE4 /* LaunchScreen.storyboard in Resources */ = {isa = PBXBuildFile; fileRef = DA31302A1EE1A40000DB2FE4 /* LaunchScreen.storyboard */; };
		DA31305B1EE1A40000DB2FE4 /* ExtensionDictionary.swift in Sources */ = {isa = PBXBuildFile; fileRef = DA31302D1EE1A40000DB2FE4 /* ExtensionDictionary.swift */; };
		DA31305C1EE1A40000DB2FE4 /* ExtensionFileManager.swift in Sources */ = {isa = PBXBuildFile; fileRef = DA31302E1EE1A40000DB2FE4 /* ExtensionFileManager.swift */; };
		DA31305D1EE1A40000DB2FE4 /* ExtensionNotification.swift in Sources */ = {isa = PBXBuildFile; fileRef = DA31302F1EE1A40000DB2FE4 /* ExtensionNotification.swift */; };
		DA31305E1EE1A40000DB2FE4 /* ExtensionNSLayoutConstraint.swift in Sources */ = {isa = PBXBuildFile; fileRef = DA3130301EE1A40000DB2FE4 /* ExtensionNSLayoutConstraint.swift */; };
		DA31305F1EE1A40000DB2FE4 /* ExtensionNSManagedObject.swift in Sources */ = {isa = PBXBuildFile; fileRef = DA3130311EE1A40000DB2FE4 /* ExtensionNSManagedObject.swift */; };
		DA3130601EE1A40000DB2FE4 /* ExtensionString.swift in Sources */ = {isa = PBXBuildFile; fileRef = DA3130321EE1A40000DB2FE4 /* ExtensionString.swift */; };
		DA3130611EE1A40000DB2FE4 /* ExtensionUICollectionReusableView.swift in Sources */ = {isa = PBXBuildFile; fileRef = DA3130331EE1A40000DB2FE4 /* ExtensionUICollectionReusableView.swift */; };
		DA3130621EE1A40000DB2FE4 /* ExtensionUIColor.swift in Sources */ = {isa = PBXBuildFile; fileRef = DA3130341EE1A40000DB2FE4 /* ExtensionUIColor.swift */; };
		DA3130631EE1A40000DB2FE4 /* ExtensionUIFont.swift in Sources */ = {isa = PBXBuildFile; fileRef = DA3130351EE1A40000DB2FE4 /* ExtensionUIFont.swift */; };
		DA3130641EE1A40000DB2FE4 /* ExtensionURL.swift in Sources */ = {isa = PBXBuildFile; fileRef = DA3130361EE1A40000DB2FE4 /* ExtensionURL.swift */; };
		DA3130651EE1A40000DB2FE4 /* Localizable.strings in Resources */ = {isa = PBXBuildFile; fileRef = DA3130381EE1A40000DB2FE4 /* Localizable.strings */; };
		DA3130661EE1A40000DB2FE4 /* ResourceURL.plist in Resources */ = {isa = PBXBuildFile; fileRef = DA31303A1EE1A40000DB2FE4 /* ResourceURL.plist */; };
		DA3130671EE1A40000DB2FE4 /* VCreate.swift in Sources */ = {isa = PBXBuildFile; fileRef = DA31303D1EE1A40000DB2FE4 /* VCreate.swift */; };
		DA3130681EE1A40000DB2FE4 /* VCreateBar.swift in Sources */ = {isa = PBXBuildFile; fileRef = DA31303E1EE1A40000DB2FE4 /* VCreateBar.swift */; };
		DA3130691EE1A40000DB2FE4 /* VHome.swift in Sources */ = {isa = PBXBuildFile; fileRef = DA3130401EE1A40000DB2FE4 /* VHome.swift */; };
		DA3130791EE1A40000DB2FE4 /* MSession.swift in Sources */ = {isa = PBXBuildFile; fileRef = DA3130591EE1A40000DB2FE4 /* MSession.swift */; };
		DA3130811EE1A61800DB2FE4 /* View.swift in Sources */ = {isa = PBXBuildFile; fileRef = DA3130801EE1A61800DB2FE4 /* View.swift */; };
		DA3130871EE1AEE700DB2FE4 /* MCreate.swift in Sources */ = {isa = PBXBuildFile; fileRef = DA3130861EE1AEE700DB2FE4 /* MCreate.swift */; };
		DA3131311EE1ECDA00DB2FE4 /* CCreate.swift in Sources */ = {isa = PBXBuildFile; fileRef = DA3131291EE1ECDA00DB2FE4 /* CCreate.swift */; };
		DA3131321EE1ECDA00DB2FE4 /* CHome.swift in Sources */ = {isa = PBXBuildFile; fileRef = DA31312B1EE1ECDA00DB2FE4 /* CHome.swift */; };
		DA3131371EE1ECE800DB2FE4 /* Controller.swift in Sources */ = {isa = PBXBuildFile; fileRef = DA3131361EE1ECE800DB2FE4 /* Controller.swift */; };
		DA3131391EE1ED4800DB2FE4 /* AppDelegate.swift in Sources */ = {isa = PBXBuildFile; fileRef = DA3131381EE1ED4800DB2FE4 /* AppDelegate.swift */; };
		DA31313B1EE1EE4A00DB2FE4 /* ControllerParent.swift in Sources */ = {isa = PBXBuildFile; fileRef = DA31313A1EE1EE4A00DB2FE4 /* ControllerParent.swift */; };
		DA3131451EE1EF6800DB2FE4 /* VAlert.swift in Sources */ = {isa = PBXBuildFile; fileRef = DA31313D1EE1EF6800DB2FE4 /* VAlert.swift */; };
		DA3131461EE1EF6800DB2FE4 /* VBlur.swift in Sources */ = {isa = PBXBuildFile; fileRef = DA31313E1EE1EF6800DB2FE4 /* VBlur.swift */; };
		DA3131471EE1EF6800DB2FE4 /* VBorder.swift in Sources */ = {isa = PBXBuildFile; fileRef = DA31313F1EE1EF6800DB2FE4 /* VBorder.swift */; };
		DA3131481EE1EF6800DB2FE4 /* VCollection.swift in Sources */ = {isa = PBXBuildFile; fileRef = DA3131401EE1EF6800DB2FE4 /* VCollection.swift */; };
		DA3131491EE1EF6800DB2FE4 /* VCollectionFlow.swift in Sources */ = {isa = PBXBuildFile; fileRef = DA3131411EE1EF6800DB2FE4 /* VCollectionFlow.swift */; };
		DA31314B1EE1EF6800DB2FE4 /* VSpinner.swift in Sources */ = {isa = PBXBuildFile; fileRef = DA3131431EE1EF6800DB2FE4 /* VSpinner.swift */; };
		DA31314C1EE1EF6800DB2FE4 /* VToast.swift in Sources */ = {isa = PBXBuildFile; fileRef = DA3131441EE1EF6800DB2FE4 /* VToast.swift */; };
		DA3131501EE1EF8400DB2FE4 /* ViewParent.swift in Sources */ = {isa = PBXBuildFile; fileRef = DA31314F1EE1EF8400DB2FE4 /* ViewParent.swift */; };
		DA3131521EE1F14600DB2FE4 /* VPushBackground.swift in Sources */ = {isa = PBXBuildFile; fileRef = DA3131511EE1F14600DB2FE4 /* VPushBackground.swift */; };
		DA3D97AF1EE5A68600E8EB33 /* VCreateCell.swift in Sources */ = {isa = PBXBuildFile; fileRef = DA3D97AE1EE5A68600E8EB33 /* VCreateCell.swift */; };
		DA3D97B11EE5A7AE00E8EB33 /* MCreateContentProtocol.swift in Sources */ = {isa = PBXBuildFile; fileRef = DA3D97B01EE5A7AE00E8EB33 /* MCreateContentProtocol.swift */; };
		DA3D97B31EE5A7BC00E8EB33 /* MCreateContentTimeline.swift in Sources */ = {isa = PBXBuildFile; fileRef = DA3D97B21EE5A7BC00E8EB33 /* MCreateContentTimeline.swift */; };
		DA3D97B71EE5A87200E8EB33 /* VCreateCellTimeline.swift in Sources */ = {isa = PBXBuildFile; fileRef = DA3D97B61EE5A87200E8EB33 /* VCreateCellTimeline.swift */; };
		DA3D97B91EE5B3E600E8EB33 /* VCreateCellTimelineCell.swift in Sources */ = {isa = PBXBuildFile; fileRef = DA3D97B81EE5B3E600E8EB33 /* VCreateCellTimelineCell.swift */; };
		DA3D97BB1EE5EC2B00E8EB33 /* VCreateCellTimelineCellSelected.swift in Sources */ = {isa = PBXBuildFile; fileRef = DA3D97BA1EE5EC2B00E8EB33 /* VCreateCellTimelineCellSelected.swift */; };
		DA3D97BD1EE5FDE300E8EB33 /* MCreateSelected.swift in Sources */ = {isa = PBXBuildFile; fileRef = DA3D97BC1EE5FDE300E8EB33 /* MCreateSelected.swift */; };
		DA3D97BF1EE5FDEF00E8EB33 /* MCreateSelectedItem.swift in Sources */ = {isa = PBXBuildFile; fileRef = DA3D97BE1EE5FDEF00E8EB33 /* MCreateSelectedItem.swift */; };
		DA3D97C11EE6189600E8EB33 /* VGradient.swift in Sources */ = {isa = PBXBuildFile; fileRef = DA3D97C01EE6189600E8EB33 /* VGradient.swift */; };
		DA3D97C31EE6206600E8EB33 /* VCreateCellTimelineFooter.swift in Sources */ = {isa = PBXBuildFile; fileRef = DA3D97C21EE6206600E8EB33 /* VCreateCellTimelineFooter.swift */; };
		DA3D97C51EE623C700E8EB33 /* generic.xcassets in Resources */ = {isa = PBXBuildFile; fileRef = DA3D97C41EE623C700E8EB33 /* generic.xcassets */; };
		DA643C781EE4C5D8006295BA /* MCreateFrame.swift in Sources */ = {isa = PBXBuildFile; fileRef = DA643C771EE4C5D8006295BA /* MCreateFrame.swift */; };
/* End PBXBuildFile section */

/* Begin PBXFileReference section */
		DA1E05DD1EE6FAC900DDAC9B /* MCreateContentCard.swift */ = {isa = PBXFileReference; fileEncoding = 4; lastKnownFileType = sourcecode.swift; path = MCreateContentCard.swift; sourceTree = "<group>"; };
		DA1E05DF1EE6FB1800DDAC9B /* VCreateCellCard.swift */ = {isa = PBXFileReference; fileEncoding = 4; lastKnownFileType = sourcecode.swift; path = VCreateCellCard.swift; sourceTree = "<group>"; };
		DA1E05E11EE7003100DDAC9B /* VCreateCellCardText.swift */ = {isa = PBXFileReference; fileEncoding = 4; lastKnownFileType = sourcecode.swift; path = VCreateCellCardText.swift; sourceTree = "<group>"; };
		DA1E05E31EE706D500DDAC9B /* MCreateFont.swift */ = {isa = PBXFileReference; fileEncoding = 4; lastKnownFileType = sourcecode.swift; path = MCreateFont.swift; sourceTree = "<group>"; };
		DA1E05E51EE707F600DDAC9B /* MCreateFontName.swift */ = {isa = PBXFileReference; fileEncoding = 4; lastKnownFileType = sourcecode.swift; path = MCreateFontName.swift; sourceTree = "<group>"; };
		DA1E05E71EE708EE00DDAC9B /* ResourceFonts.plist */ = {isa = PBXFileReference; fileEncoding = 4; lastKnownFileType = text.plist.xml; path = ResourceFonts.plist; sourceTree = "<group>"; };
		DA31302A1EE1A40000DB2FE4 /* LaunchScreen.storyboard */ = {isa = PBXFileReference; fileEncoding = 4; lastKnownFileType = file.storyboard; path = LaunchScreen.storyboard; sourceTree = "<group>"; };
		DA31302D1EE1A40000DB2FE4 /* ExtensionDictionary.swift */ = {isa = PBXFileReference; fileEncoding = 4; lastKnownFileType = sourcecode.swift; path = ExtensionDictionary.swift; sourceTree = "<group>"; };
		DA31302E1EE1A40000DB2FE4 /* ExtensionFileManager.swift */ = {isa = PBXFileReference; fileEncoding = 4; lastKnownFileType = sourcecode.swift; path = ExtensionFileManager.swift; sourceTree = "<group>"; };
		DA31302F1EE1A40000DB2FE4 /* ExtensionNotification.swift */ = {isa = PBXFileReference; fileEncoding = 4; lastKnownFileType = sourcecode.swift; path = ExtensionNotification.swift; sourceTree = "<group>"; };
		DA3130301EE1A40000DB2FE4 /* ExtensionNSLayoutConstraint.swift */ = {isa = PBXFileReference; fileEncoding = 4; lastKnownFileType = sourcecode.swift; path = ExtensionNSLayoutConstraint.swift; sourceTree = "<group>"; };
		DA3130311EE1A40000DB2FE4 /* ExtensionNSManagedObject.swift */ = {isa = PBXFileReference; fileEncoding = 4; lastKnownFileType = sourcecode.swift; path = ExtensionNSManagedObject.swift; sourceTree = "<group>"; };
		DA3130321EE1A40000DB2FE4 /* ExtensionString.swift */ = {isa = PBXFileReference; fileEncoding = 4; lastKnownFileType = sourcecode.swift; path = ExtensionString.swift; sourceTree = "<group>"; };
		DA3130331EE1A40000DB2FE4 /* ExtensionUICollectionReusableView.swift */ = {isa = PBXFileReference; fileEncoding = 4; lastKnownFileType = sourcecode.swift; path = ExtensionUICollectionReusableView.swift; sourceTree = "<group>"; };
		DA3130341EE1A40000DB2FE4 /* ExtensionUIColor.swift */ = {isa = PBXFileReference; fileEncoding = 4; lastKnownFileType = sourcecode.swift; path = ExtensionUIColor.swift; sourceTree = "<group>"; };
		DA3130351EE1A40000DB2FE4 /* ExtensionUIFont.swift */ = {isa = PBXFileReference; fileEncoding = 4; lastKnownFileType = sourcecode.swift; path = ExtensionUIFont.swift; sourceTree = "<group>"; };
		DA3130361EE1A40000DB2FE4 /* ExtensionURL.swift */ = {isa = PBXFileReference; fileEncoding = 4; lastKnownFileType = sourcecode.swift; path = ExtensionURL.swift; sourceTree = "<group>"; };
		DA3130391EE1A40000DB2FE4 /* en */ = {isa = PBXFileReference; lastKnownFileType = text.plist.strings; name = en; path = en.lproj/Localizable.strings; sourceTree = "<group>"; };
		DA31303A1EE1A40000DB2FE4 /* ResourceURL.plist */ = {isa = PBXFileReference; fileEncoding = 4; lastKnownFileType = text.plist.xml; path = ResourceURL.plist; sourceTree = "<group>"; };
		DA31303D1EE1A40000DB2FE4 /* VCreate.swift */ = {isa = PBXFileReference; fileEncoding = 4; lastKnownFileType = sourcecode.swift; path = VCreate.swift; sourceTree = "<group>"; };
		DA31303E1EE1A40000DB2FE4 /* VCreateBar.swift */ = {isa = PBXFileReference; fileEncoding = 4; lastKnownFileType = sourcecode.swift; path = VCreateBar.swift; sourceTree = "<group>"; };
		DA3130401EE1A40000DB2FE4 /* VHome.swift */ = {isa = PBXFileReference; fileEncoding = 4; lastKnownFileType = sourcecode.swift; path = VHome.swift; sourceTree = "<group>"; };
		DA3130591EE1A40000DB2FE4 /* MSession.swift */ = {isa = PBXFileReference; fileEncoding = 4; lastKnownFileType = sourcecode.swift; path = MSession.swift; sourceTree = "<group>"; };
		DA3130801EE1A61800DB2FE4 /* View.swift */ = {isa = PBXFileReference; fileEncoding = 4; lastKnownFileType = sourcecode.swift; path = View.swift; sourceTree = "<group>"; };
		DA3130861EE1AEE700DB2FE4 /* MCreate.swift */ = {isa = PBXFileReference; fileEncoding = 4; lastKnownFileType = sourcecode.swift; path = MCreate.swift; sourceTree = "<group>"; };
		DA3131291EE1ECDA00DB2FE4 /* CCreate.swift */ = {isa = PBXFileReference; fileEncoding = 4; lastKnownFileType = sourcecode.swift; path = CCreate.swift; sourceTree = "<group>"; };
		DA31312B1EE1ECDA00DB2FE4 /* CHome.swift */ = {isa = PBXFileReference; fileEncoding = 4; lastKnownFileType = sourcecode.swift; path = CHome.swift; sourceTree = "<group>"; };
		DA3131361EE1ECE800DB2FE4 /* Controller.swift */ = {isa = PBXFileReference; fileEncoding = 4; lastKnownFileType = sourcecode.swift; path = Controller.swift; sourceTree = "<group>"; };
		DA3131381EE1ED4800DB2FE4 /* AppDelegate.swift */ = {isa = PBXFileReference; fileEncoding = 4; lastKnownFileType = sourcecode.swift; path = AppDelegate.swift; sourceTree = "<group>"; };
		DA31313A1EE1EE4A00DB2FE4 /* ControllerParent.swift */ = {isa = PBXFileReference; fileEncoding = 4; lastKnownFileType = sourcecode.swift; path = ControllerParent.swift; sourceTree = "<group>"; };
		DA31313D1EE1EF6800DB2FE4 /* VAlert.swift */ = {isa = PBXFileReference; fileEncoding = 4; lastKnownFileType = sourcecode.swift; path = VAlert.swift; sourceTree = "<group>"; };
		DA31313E1EE1EF6800DB2FE4 /* VBlur.swift */ = {isa = PBXFileReference; fileEncoding = 4; lastKnownFileType = sourcecode.swift; path = VBlur.swift; sourceTree = "<group>"; };
		DA31313F1EE1EF6800DB2FE4 /* VBorder.swift */ = {isa = PBXFileReference; fileEncoding = 4; lastKnownFileType = sourcecode.swift; path = VBorder.swift; sourceTree = "<group>"; };
		DA3131401EE1EF6800DB2FE4 /* VCollection.swift */ = {isa = PBXFileReference; fileEncoding = 4; lastKnownFileType = sourcecode.swift; path = VCollection.swift; sourceTree = "<group>"; };
		DA3131411EE1EF6800DB2FE4 /* VCollectionFlow.swift */ = {isa = PBXFileReference; fileEncoding = 4; lastKnownFileType = sourcecode.swift; path = VCollectionFlow.swift; sourceTree = "<group>"; };
		DA3131431EE1EF6800DB2FE4 /* VSpinner.swift */ = {isa = PBXFileReference; fileEncoding = 4; lastKnownFileType = sourcecode.swift; path = VSpinner.swift; sourceTree = "<group>"; };
		DA3131441EE1EF6800DB2FE4 /* VToast.swift */ = {isa = PBXFileReference; fileEncoding = 4; lastKnownFileType = sourcecode.swift; path = VToast.swift; sourceTree = "<group>"; };
		DA31314F1EE1EF8400DB2FE4 /* ViewParent.swift */ = {isa = PBXFileReference; fileEncoding = 4; lastKnownFileType = sourcecode.swift; path = ViewParent.swift; sourceTree = "<group>"; };
		DA3131511EE1F14600DB2FE4 /* VPushBackground.swift */ = {isa = PBXFileReference; fileEncoding = 4; lastKnownFileType = sourcecode.swift; path = VPushBackground.swift; sourceTree = "<group>"; };
		DA3D97AE1EE5A68600E8EB33 /* VCreateCell.swift */ = {isa = PBXFileReference; fileEncoding = 4; lastKnownFileType = sourcecode.swift; path = VCreateCell.swift; sourceTree = "<group>"; };
		DA3D97B01EE5A7AE00E8EB33 /* MCreateContentProtocol.swift */ = {isa = PBXFileReference; fileEncoding = 4; lastKnownFileType = sourcecode.swift; path = MCreateContentProtocol.swift; sourceTree = "<group>"; };
		DA3D97B21EE5A7BC00E8EB33 /* MCreateContentTimeline.swift */ = {isa = PBXFileReference; fileEncoding = 4; lastKnownFileType = sourcecode.swift; path = MCreateContentTimeline.swift; sourceTree = "<group>"; };
		DA3D97B61EE5A87200E8EB33 /* VCreateCellTimeline.swift */ = {isa = PBXFileReference; fileEncoding = 4; lastKnownFileType = sourcecode.swift; path = VCreateCellTimeline.swift; sourceTree = "<group>"; };
		DA3D97B81EE5B3E600E8EB33 /* VCreateCellTimelineCell.swift */ = {isa = PBXFileReference; fileEncoding = 4; lastKnownFileType = sourcecode.swift; path = VCreateCellTimelineCell.swift; sourceTree = "<group>"; };
		DA3D97BA1EE5EC2B00E8EB33 /* VCreateCellTimelineCellSelected.swift */ = {isa = PBXFileReference; fileEncoding = 4; lastKnownFileType = sourcecode.swift; path = VCreateCellTimelineCellSelected.swift; sourceTree = "<group>"; };
		DA3D97BC1EE5FDE300E8EB33 /* MCreateSelected.swift */ = {isa = PBXFileReference; fileEncoding = 4; lastKnownFileType = sourcecode.swift; path = MCreateSelected.swift; sourceTree = "<group>"; };
		DA3D97BE1EE5FDEF00E8EB33 /* MCreateSelectedItem.swift */ = {isa = PBXFileReference; fileEncoding = 4; lastKnownFileType = sourcecode.swift; path = MCreateSelectedItem.swift; sourceTree = "<group>"; };
		DA3D97C01EE6189600E8EB33 /* VGradient.swift */ = {isa = PBXFileReference; fileEncoding = 4; lastKnownFileType = sourcecode.swift; path = VGradient.swift; sourceTree = "<group>"; };
		DA3D97C21EE6206600E8EB33 /* VCreateCellTimelineFooter.swift */ = {isa = PBXFileReference; fileEncoding = 4; lastKnownFileType = sourcecode.swift; path = VCreateCellTimelineFooter.swift; sourceTree = "<group>"; };
		DA3D97C41EE623C700E8EB33 /* generic.xcassets */ = {isa = PBXFileReference; lastKnownFileType = folder.assetcatalog; path = generic.xcassets; sourceTree = "<group>"; };
		DA5146721EE0CB0900873C06 /* punknote.app */ = {isa = PBXFileReference; explicitFileType = wrapper.application; includeInIndex = 0; path = punknote.app; sourceTree = BUILT_PRODUCTS_DIR; };
		DA5146811EE0CB0900873C06 /* Info.plist */ = {isa = PBXFileReference; lastKnownFileType = text.plist.xml; path = Info.plist; sourceTree = "<group>"; };
		DA643C771EE4C5D8006295BA /* MCreateFrame.swift */ = {isa = PBXFileReference; fileEncoding = 4; lastKnownFileType = sourcecode.swift; path = MCreateFrame.swift; sourceTree = "<group>"; };
/* End PBXFileReference section */

/* Begin PBXFrameworksBuildPhase section */
		DA51466F1EE0CB0900873C06 /* Frameworks */ = {
			isa = PBXFrameworksBuildPhase;
			buildActionMask = 2147483647;
			files = (
			);
			runOnlyForDeploymentPostprocessing = 0;
		};
/* End PBXFrameworksBuildPhase section */

/* Begin PBXGroup section */
		DA3130281EE1A40000DB2FE4 /* Support */ = {
			isa = PBXGroup;
			children = (
				DA3130291EE1A40000DB2FE4 /* Assets */,
				DA31302B1EE1A40000DB2FE4 /* Data */,
				DA31302C1EE1A40000DB2FE4 /* Extensions */,
				DA3130371EE1A40000DB2FE4 /* Resource */,
			);
			path = Support;
			sourceTree = "<group>";
		};
		DA3130291EE1A40000DB2FE4 /* Assets */ = {
			isa = PBXGroup;
			children = (
				DA31302A1EE1A40000DB2FE4 /* LaunchScreen.storyboard */,
				DA3D97C41EE623C700E8EB33 /* generic.xcassets */,
			);
			path = Assets;
			sourceTree = "<group>";
		};
		DA31302B1EE1A40000DB2FE4 /* Data */ = {
			isa = PBXGroup;
			children = (
			);
			path = Data;
			sourceTree = "<group>";
		};
		DA31302C1EE1A40000DB2FE4 /* Extensions */ = {
			isa = PBXGroup;
			children = (
				DA31302D1EE1A40000DB2FE4 /* ExtensionDictionary.swift */,
				DA31302E1EE1A40000DB2FE4 /* ExtensionFileManager.swift */,
				DA31302F1EE1A40000DB2FE4 /* ExtensionNotification.swift */,
				DA3130301EE1A40000DB2FE4 /* ExtensionNSLayoutConstraint.swift */,
				DA3130311EE1A40000DB2FE4 /* ExtensionNSManagedObject.swift */,
				DA3130321EE1A40000DB2FE4 /* ExtensionString.swift */,
				DA3130331EE1A40000DB2FE4 /* ExtensionUICollectionReusableView.swift */,
				DA3130341EE1A40000DB2FE4 /* ExtensionUIColor.swift */,
				DA3130351EE1A40000DB2FE4 /* ExtensionUIFont.swift */,
				DA3130361EE1A40000DB2FE4 /* ExtensionURL.swift */,
			);
			path = Extensions;
			sourceTree = "<group>";
		};
		DA3130371EE1A40000DB2FE4 /* Resource */ = {
			isa = PBXGroup;
			children = (
				DA3130381EE1A40000DB2FE4 /* Localizable.strings */,
				DA31303A1EE1A40000DB2FE4 /* ResourceURL.plist */,
				DA1E05E71EE708EE00DDAC9B /* ResourceFonts.plist */,
			);
			path = Resource;
			sourceTree = "<group>";
		};
		DA31303B1EE1A40000DB2FE4 /* View */ = {
			isa = PBXGroup;
			children = (
				DA31307F1EE1A60200DB2FE4 /* Abstract */,
				DA31313C1EE1EF6800DB2FE4 /* Basic */,
				DA31303F1EE1A40000DB2FE4 /* Home */,
				DA31303C1EE1A40000DB2FE4 /* Create */,
			);
			path = View;
			sourceTree = "<group>";
		};
		DA31303C1EE1A40000DB2FE4 /* Create */ = {
			isa = PBXGroup;
			children = (
				DA31303D1EE1A40000DB2FE4 /* VCreate.swift */,
				DA31303E1EE1A40000DB2FE4 /* VCreateBar.swift */,
				DA3D97AE1EE5A68600E8EB33 /* VCreateCell.swift */,
				DA3D97B61EE5A87200E8EB33 /* VCreateCellTimeline.swift */,
				DA3D97C21EE6206600E8EB33 /* VCreateCellTimelineFooter.swift */,
				DA3D97B81EE5B3E600E8EB33 /* VCreateCellTimelineCell.swift */,
				DA3D97BA1EE5EC2B00E8EB33 /* VCreateCellTimelineCellSelected.swift */,
				DA1E05DF1EE6FB1800DDAC9B /* VCreateCellCard.swift */,
				DA1E05E11EE7003100DDAC9B /* VCreateCellCardText.swift */,
			);
			path = Create;
			sourceTree = "<group>";
		};
		DA31303F1EE1A40000DB2FE4 /* Home */ = {
			isa = PBXGroup;
			children = (
				DA3130401EE1A40000DB2FE4 /* VHome.swift */,
			);
			path = Home;
			sourceTree = "<group>";
		};
		DA3130551EE1A40000DB2FE4 /* Model */ = {
			isa = PBXGroup;
			children = (
				DA3130561EE1A40000DB2FE4 /* Create */,
				DA3130571EE1A40000DB2FE4 /* Home */,
				DA3130581EE1A40000DB2FE4 /* Main */,
			);
			path = Model;
			sourceTree = "<group>";
		};
		DA3130561EE1A40000DB2FE4 /* Create */ = {
			isa = PBXGroup;
			children = (
				DA3130861EE1AEE700DB2FE4 /* MCreate.swift */,
				DA643C771EE4C5D8006295BA /* MCreateFrame.swift */,
				DA3D97B01EE5A7AE00E8EB33 /* MCreateContentProtocol.swift */,
				DA3D97B21EE5A7BC00E8EB33 /* MCreateContentTimeline.swift */,
				DA1E05DD1EE6FAC900DDAC9B /* MCreateContentCard.swift */,
				DA3D97BC1EE5FDE300E8EB33 /* MCreateSelected.swift */,
				DA3D97BE1EE5FDEF00E8EB33 /* MCreateSelectedItem.swift */,
				DA1E05E31EE706D500DDAC9B /* MCreateFont.swift */,
				DA1E05E51EE707F600DDAC9B /* MCreateFontName.swift */,
			);
			path = Create;
			sourceTree = "<group>";
		};
		DA3130571EE1A40000DB2FE4 /* Home */ = {
			isa = PBXGroup;
			children = (
			);
			path = Home;
			sourceTree = "<group>";
		};
		DA3130581EE1A40000DB2FE4 /* Main */ = {
			isa = PBXGroup;
			children = (
				DA3130591EE1A40000DB2FE4 /* MSession.swift */,
			);
			path = Main;
			sourceTree = "<group>";
		};
		DA31307F1EE1A60200DB2FE4 /* Abstract */ = {
			isa = PBXGroup;
			children = (
				DA31314F1EE1EF8400DB2FE4 /* ViewParent.swift */,
				DA3130801EE1A61800DB2FE4 /* View.swift */,
			);
			path = Abstract;
			sourceTree = "<group>";
		};
		DA3131251EE1ECDA00DB2FE4 /* Controller */ = {
			isa = PBXGroup;
			children = (
				DA3131261EE1ECDA00DB2FE4 /* Abstract */,
				DA31312A1EE1ECDA00DB2FE4 /* Home */,
				DA3131281EE1ECDA00DB2FE4 /* Create */,
			);
			path = Controller;
			sourceTree = "<group>";
		};
		DA3131261EE1ECDA00DB2FE4 /* Abstract */ = {
			isa = PBXGroup;
			children = (
				DA3131381EE1ED4800DB2FE4 /* AppDelegate.swift */,
				DA31313A1EE1EE4A00DB2FE4 /* ControllerParent.swift */,
				DA3131361EE1ECE800DB2FE4 /* Controller.swift */,
			);
			path = Abstract;
			sourceTree = "<group>";
		};
		DA3131281EE1ECDA00DB2FE4 /* Create */ = {
			isa = PBXGroup;
			children = (
				DA3131291EE1ECDA00DB2FE4 /* CCreate.swift */,
			);
			path = Create;
			sourceTree = "<group>";
		};
		DA31312A1EE1ECDA00DB2FE4 /* Home */ = {
			isa = PBXGroup;
			children = (
				DA31312B1EE1ECDA00DB2FE4 /* CHome.swift */,
			);
			path = Home;
			sourceTree = "<group>";
		};
		DA31313C1EE1EF6800DB2FE4 /* Basic */ = {
			isa = PBXGroup;
			children = (
				DA31313D1EE1EF6800DB2FE4 /* VAlert.swift */,
				DA31313E1EE1EF6800DB2FE4 /* VBlur.swift */,
				DA31313F1EE1EF6800DB2FE4 /* VBorder.swift */,
				DA3131401EE1EF6800DB2FE4 /* VCollection.swift */,
				DA3131411EE1EF6800DB2FE4 /* VCollectionFlow.swift */,
				DA3131511EE1F14600DB2FE4 /* VPushBackground.swift */,
				DA3131431EE1EF6800DB2FE4 /* VSpinner.swift */,
				DA3131441EE1EF6800DB2FE4 /* VToast.swift */,
				DA3D97C01EE6189600E8EB33 /* VGradient.swift */,
			);
			path = Basic;
			sourceTree = "<group>";
		};
		DA5146691EE0CB0900873C06 = {
			isa = PBXGroup;
			children = (
				DA5146741EE0CB0900873C06 /* punknote */,
				DA5146731EE0CB0900873C06 /* Products */,
			);
			sourceTree = "<group>";
		};
		DA5146731EE0CB0900873C06 /* Products */ = {
			isa = PBXGroup;
			children = (
				DA5146721EE0CB0900873C06 /* punknote.app */,
			);
			name = Products;
			sourceTree = "<group>";
		};
		DA5146741EE0CB0900873C06 /* punknote */ = {
			isa = PBXGroup;
			children = (
				DA3131251EE1ECDA00DB2FE4 /* Controller */,
				DA3130551EE1A40000DB2FE4 /* Model */,
				DA31303B1EE1A40000DB2FE4 /* View */,
				DA3130281EE1A40000DB2FE4 /* Support */,
				DA5146811EE0CB0900873C06 /* Info.plist */,
			);
			path = punknote;
			sourceTree = "<group>";
		};
/* End PBXGroup section */

/* Begin PBXNativeTarget section */
		DA5146711EE0CB0900873C06 /* punknote */ = {
			isa = PBXNativeTarget;
			buildConfigurationList = DA5146841EE0CB0900873C06 /* Build configuration list for PBXNativeTarget "punknote" */;
			buildPhases = (
				DA51466E1EE0CB0900873C06 /* Sources */,
				DA51466F1EE0CB0900873C06 /* Frameworks */,
				DA5146701EE0CB0900873C06 /* Resources */,
			);
			buildRules = (
			);
			dependencies = (
			);
			name = punknote;
			productName = punknote;
			productReference = DA5146721EE0CB0900873C06 /* punknote.app */;
			productType = "com.apple.product-type.application";
		};
/* End PBXNativeTarget section */

/* Begin PBXProject section */
		DA51466A1EE0CB0900873C06 /* Project object */ = {
			isa = PBXProject;
			attributes = {
				LastSwiftUpdateCheck = 0830;
				LastUpgradeCheck = 0830;
				ORGANIZATIONNAME = iturbide;
				TargetAttributes = {
					DA5146711EE0CB0900873C06 = {
						CreatedOnToolsVersion = 8.3.2;
						DevelopmentTeam = 7AMWG3RLHN;
						ProvisioningStyle = Automatic;
					};
				};
			};
			buildConfigurationList = DA51466D1EE0CB0900873C06 /* Build configuration list for PBXProject "punknote" */;
			compatibilityVersion = "Xcode 3.2";
			developmentRegion = English;
			hasScannedForEncodings = 0;
			knownRegions = (
				en,
			);
			mainGroup = DA5146691EE0CB0900873C06;
			productRefGroup = DA5146731EE0CB0900873C06 /* Products */;
			projectDirPath = "";
			projectRoot = "";
			targets = (
				DA5146711EE0CB0900873C06 /* punknote */,
			);
		};
/* End PBXProject section */

/* Begin PBXResourcesBuildPhase section */
		DA5146701EE0CB0900873C06 /* Resources */ = {
			isa = PBXResourcesBuildPhase;
			buildActionMask = 2147483647;
			files = (
				DA31305A1EE1A40000DB2FE4 /* LaunchScreen.storyboard in Resources */,
				DA3D97C51EE623C700E8EB33 /* generic.xcassets in Resources */,
				DA3130651EE1A40000DB2FE4 /* Localizable.strings in Resources */,
				DA3130661EE1A40000DB2FE4 /* ResourceURL.plist in Resources */,
				DA1E05E81EE708EE00DDAC9B /* ResourceFonts.plist in Resources */,
			);
			runOnlyForDeploymentPostprocessing = 0;
		};
/* End PBXResourcesBuildPhase section */

/* Begin PBXSourcesBuildPhase section */
		DA51466E1EE0CB0900873C06 /* Sources */ = {
			isa = PBXSourcesBuildPhase;
			buildActionMask = 2147483647;
			files = (
				DA3131391EE1ED4800DB2FE4 /* AppDelegate.swift in Sources */,
				DA31313B1EE1EE4A00DB2FE4 /* ControllerParent.swift in Sources */,
				DA3131501EE1EF8400DB2FE4 /* ViewParent.swift in Sources */,
				DA3130811EE1A61800DB2FE4 /* View.swift in Sources */,
				DA3131451EE1EF6800DB2FE4 /* VAlert.swift in Sources */,
				DA643C781EE4C5D8006295BA /* MCreateFrame.swift in Sources */,
				DA3D97C11EE6189600E8EB33 /* VGradient.swift in Sources */,
				DA31305B1EE1A40000DB2FE4 /* ExtensionDictionary.swift in Sources */,
				DA31314C1EE1EF6800DB2FE4 /* VToast.swift in Sources */,
				DA31305C1EE1A40000DB2FE4 /* ExtensionFileManager.swift in Sources */,
				DA3130601EE1A40000DB2FE4 /* ExtensionString.swift in Sources */,
				DA3D97B31EE5A7BC00E8EB33 /* MCreateContentTimeline.swift in Sources */,
				DA1E05E01EE6FB1800DDAC9B /* VCreateCellCard.swift in Sources */,
				DA3D97AF1EE5A68600E8EB33 /* VCreateCell.swift in Sources */,
				DA3D97BD1EE5FDE300E8EB33 /* MCreateSelected.swift in Sources */,
				DA3130621EE1A40000DB2FE4 /* ExtensionUIColor.swift in Sources */,
				DA31305D1EE1A40000DB2FE4 /* ExtensionNotification.swift in Sources */,
				DA3131481EE1EF6800DB2FE4 /* VCollection.swift in Sources */,
				DA31305F1EE1A40000DB2FE4 /* ExtensionNSManagedObject.swift in Sources */,
				DA3130681EE1A40000DB2FE4 /* VCreateBar.swift in Sources */,
				DA3130631EE1A40000DB2FE4 /* ExtensionUIFont.swift in Sources */,
				DA3131471EE1EF6800DB2FE4 /* VBorder.swift in Sources */,
				DA3131311EE1ECDA00DB2FE4 /* CCreate.swift in Sources */,
				DA3D97B71EE5A87200E8EB33 /* VCreateCellTimeline.swift in Sources */,
				DA31305E1EE1A40000DB2FE4 /* ExtensionNSLayoutConstraint.swift in Sources */,
				DA3131461EE1EF6800DB2FE4 /* VBlur.swift in Sources */,
				DA3130691EE1A40000DB2FE4 /* VHome.swift in Sources */,
				DA3D97B91EE5B3E600E8EB33 /* VCreateCellTimelineCell.swift in Sources */,
				DA1E05DE1EE6FAC900DDAC9B /* MCreateContentCard.swift in Sources */,
				DA3131321EE1ECDA00DB2FE4 /* CHome.swift in Sources */,
				DA3130791EE1A40000DB2FE4 /* MSession.swift in Sources */,
				DA3D97BF1EE5FDEF00E8EB33 /* MCreateSelectedItem.swift in Sources */,
				DA3131491EE1EF6800DB2FE4 /* VCollectionFlow.swift in Sources */,
				DA1E05E21EE7003100DDAC9B /* VCreateCellCardText.swift in Sources */,
				DA1E05E41EE706D500DDAC9B /* MCreateFont.swift in Sources */,
				DA3131521EE1F14600DB2FE4 /* VPushBackground.swift in Sources */,
				DA3131371EE1ECE800DB2FE4 /* Controller.swift in Sources */,
				DA3130871EE1AEE700DB2FE4 /* MCreate.swift in Sources */,
				DA3D97B11EE5A7AE00E8EB33 /* MCreateContentProtocol.swift in Sources */,
				DA3130611EE1A40000DB2FE4 /* ExtensionUICollectionReusableView.swift in Sources */,
				DA3130671EE1A40000DB2FE4 /* VCreate.swift in Sources */,
				DA1E05E61EE707F600DDAC9B /* MCreateFontName.swift in Sources */,
				DA3D97BB1EE5EC2B00E8EB33 /* VCreateCellTimelineCellSelected.swift in Sources */,
				DA31314B1EE1EF6800DB2FE4 /* VSpinner.swift in Sources */,
				DA3D97C31EE6206600E8EB33 /* VCreateCellTimelineFooter.swift in Sources */,
				DA3130641EE1A40000DB2FE4 /* ExtensionURL.swift in Sources */,
			);
			runOnlyForDeploymentPostprocessing = 0;
		};
/* End PBXSourcesBuildPhase section */

/* Begin PBXVariantGroup section */
		DA3130381EE1A40000DB2FE4 /* Localizable.strings */ = {
			isa = PBXVariantGroup;
			children = (
				DA3130391EE1A40000DB2FE4 /* en */,
			);
			name = Localizable.strings;
			sourceTree = "<group>";
		};
/* End PBXVariantGroup section */

/* Begin XCBuildConfiguration section */
		DA5146821EE0CB0900873C06 /* Debug */ = {
			isa = XCBuildConfiguration;
			buildSettings = {
				ALWAYS_SEARCH_USER_PATHS = NO;
				CLANG_ANALYZER_NONNULL = YES;
				CLANG_ANALYZER_NUMBER_OBJECT_CONVERSION = YES_AGGRESSIVE;
				CLANG_CXX_LANGUAGE_STANDARD = "gnu++0x";
				CLANG_CXX_LIBRARY = "libc++";
				CLANG_ENABLE_MODULES = NO;
				CLANG_ENABLE_OBJC_ARC = NO;
				CLANG_LINK_OBJC_RUNTIME = NO;
				CLANG_WARN_BOOL_CONVERSION = YES;
				CLANG_WARN_CONSTANT_CONVERSION = YES;
				CLANG_WARN_DIRECT_OBJC_ISA_USAGE = YES_ERROR;
				CLANG_WARN_DOCUMENTATION_COMMENTS = YES;
				CLANG_WARN_EMPTY_BODY = YES;
				CLANG_WARN_ENUM_CONVERSION = YES;
				CLANG_WARN_INFINITE_RECURSION = YES;
				CLANG_WARN_INT_CONVERSION = YES;
				CLANG_WARN_OBJC_ROOT_CLASS = YES_ERROR;
				CLANG_WARN_SUSPICIOUS_MOVE = YES;
				CLANG_WARN_UNREACHABLE_CODE = YES;
				CLANG_WARN__DUPLICATE_METHOD_MATCH = YES;
				"CODE_SIGN_IDENTITY[sdk=iphoneos*]" = "iPhone Developer";
				COPY_PHASE_STRIP = NO;
				DEBUG_INFORMATION_FORMAT = dwarf;
				ENABLE_STRICT_OBJC_MSGSEND = YES;
				ENABLE_TESTABILITY = YES;
				GCC_C_LANGUAGE_STANDARD = gnu99;
				GCC_DYNAMIC_NO_PIC = NO;
				GCC_ENABLE_OBJC_EXCEPTIONS = NO;
				GCC_NO_COMMON_BLOCKS = YES;
				GCC_OPTIMIZATION_LEVEL = 0;
				GCC_PREPROCESSOR_DEFINITIONS = (
					"DEBUG=1",
					"$(inherited)",
				);
				GCC_WARN_64_TO_32_BIT_CONVERSION = YES;
				GCC_WARN_ABOUT_RETURN_TYPE = YES_ERROR;
				GCC_WARN_UNDECLARED_SELECTOR = YES;
				GCC_WARN_UNINITIALIZED_AUTOS = YES_AGGRESSIVE;
				GCC_WARN_UNUSED_FUNCTION = YES;
				GCC_WARN_UNUSED_VARIABLE = YES;
				IPHONEOS_DEPLOYMENT_TARGET = 9.0;
				MTL_ENABLE_DEBUG_INFO = YES;
				ONLY_ACTIVE_ARCH = YES;
				SDKROOT = iphoneos;
				SWIFT_ACTIVE_COMPILATION_CONDITIONS = DEBUG;
				SWIFT_INSTALL_OBJC_HEADER = NO;
				SWIFT_OPTIMIZATION_LEVEL = "-Onone";
				TARGETED_DEVICE_FAMILY = "1,2";
			};
			name = Debug;
		};
		DA5146831EE0CB0900873C06 /* Release */ = {
			isa = XCBuildConfiguration;
			buildSettings = {
				ALWAYS_SEARCH_USER_PATHS = NO;
				CLANG_ANALYZER_NONNULL = YES;
				CLANG_ANALYZER_NUMBER_OBJECT_CONVERSION = YES_AGGRESSIVE;
				CLANG_CXX_LANGUAGE_STANDARD = "gnu++0x";
				CLANG_CXX_LIBRARY = "libc++";
				CLANG_ENABLE_MODULES = NO;
				CLANG_ENABLE_OBJC_ARC = NO;
				CLANG_LINK_OBJC_RUNTIME = NO;
				CLANG_WARN_BOOL_CONVERSION = YES;
				CLANG_WARN_CONSTANT_CONVERSION = YES;
				CLANG_WARN_DIRECT_OBJC_ISA_USAGE = YES_ERROR;
				CLANG_WARN_DOCUMENTATION_COMMENTS = YES;
				CLANG_WARN_EMPTY_BODY = YES;
				CLANG_WARN_ENUM_CONVERSION = YES;
				CLANG_WARN_INFINITE_RECURSION = YES;
				CLANG_WARN_INT_CONVERSION = YES;
				CLANG_WARN_OBJC_ROOT_CLASS = YES_ERROR;
				CLANG_WARN_SUSPICIOUS_MOVE = YES;
				CLANG_WARN_UNREACHABLE_CODE = YES;
				CLANG_WARN__DUPLICATE_METHOD_MATCH = YES;
				"CODE_SIGN_IDENTITY[sdk=iphoneos*]" = "iPhone Developer";
				COPY_PHASE_STRIP = NO;
				DEBUG_INFORMATION_FORMAT = "dwarf-with-dsym";
				ENABLE_NS_ASSERTIONS = NO;
				ENABLE_STRICT_OBJC_MSGSEND = YES;
				GCC_C_LANGUAGE_STANDARD = gnu99;
				GCC_ENABLE_OBJC_EXCEPTIONS = NO;
				GCC_NO_COMMON_BLOCKS = YES;
				GCC_WARN_64_TO_32_BIT_CONVERSION = YES;
				GCC_WARN_ABOUT_RETURN_TYPE = YES_ERROR;
				GCC_WARN_UNDECLARED_SELECTOR = YES;
				GCC_WARN_UNINITIALIZED_AUTOS = YES_AGGRESSIVE;
				GCC_WARN_UNUSED_FUNCTION = YES;
				GCC_WARN_UNUSED_VARIABLE = YES;
				IPHONEOS_DEPLOYMENT_TARGET = 9.0;
				MTL_ENABLE_DEBUG_INFO = NO;
				SDKROOT = iphoneos;
				SWIFT_INSTALL_OBJC_HEADER = NO;
				SWIFT_OPTIMIZATION_LEVEL = "-Owholemodule";
				TARGETED_DEVICE_FAMILY = "1,2";
				VALIDATE_PRODUCT = YES;
			};
			name = Release;
		};
		DA5146851EE0CB0900873C06 /* Debug */ = {
			isa = XCBuildConfiguration;
			buildSettings = {
				CLANG_WARN__ARC_BRIDGE_CAST_NONARC = NO;
				DEVELOPMENT_TEAM = 7AMWG3RLHN;
				INFOPLIST_FILE = punknote/Info.plist;
				LD_RUNPATH_SEARCH_PATHS = "$(inherited) @executable_path/Frameworks";
				PRODUCT_BUNDLE_IDENTIFIER = iturbide.punknote;
				PRODUCT_NAME = "$(TARGET_NAME)";
				SWIFT_VERSION = 3.0;
				TARGETED_DEVICE_FAMILY = "1,2";
			};
			name = Debug;
		};
		DA5146861EE0CB0900873C06 /* Release */ = {
			isa = XCBuildConfiguration;
			buildSettings = {
				CLANG_WARN__ARC_BRIDGE_CAST_NONARC = NO;
				DEVELOPMENT_TEAM = 7AMWG3RLHN;
				INFOPLIST_FILE = punknote/Info.plist;
				LD_RUNPATH_SEARCH_PATHS = "$(inherited) @executable_path/Frameworks";
				PRODUCT_BUNDLE_IDENTIFIER = iturbide.punknote;
				PRODUCT_NAME = "$(TARGET_NAME)";
				SWIFT_VERSION = 3.0;
				TARGETED_DEVICE_FAMILY = "1,2";
			};
			name = Release;
		};
/* End XCBuildConfiguration section */

/* Begin XCConfigurationList section */
		DA51466D1EE0CB0900873C06 /* Build configuration list for PBXProject "punknote" */ = {
			isa = XCConfigurationList;
			buildConfigurations = (
				DA5146821EE0CB0900873C06 /* Debug */,
				DA5146831EE0CB0900873C06 /* Release */,
			);
			defaultConfigurationIsVisible = 0;
			defaultConfigurationName = Release;
		};
		DA5146841EE0CB0900873C06 /* Build configuration list for PBXNativeTarget "punknote" */ = {
			isa = XCConfigurationList;
			buildConfigurations = (
				DA5146851EE0CB0900873C06 /* Debug */,
				DA5146861EE0CB0900873C06 /* Release */,
			);
			defaultConfigurationIsVisible = 0;
			defaultConfigurationName = Release;
		};
/* End XCConfigurationList section */
	};
	rootObject = DA51466A1EE0CB0900873C06 /* Project object */;
}
