// !$*UTF8*$!
{
	archiveVersion = 1;
	classes = {
	};
	objectVersion = 46;
	objects = {

/* Begin PBXBuildFile section */
		DA75E4EE1EE0D5AC007F8445 /* LaunchScreen.storyboard in Resources */ = {isa = PBXBuildFile; fileRef = DA75E4C41EE0D5AC007F8445 /* LaunchScreen.storyboard */; };
		DA75E4EF1EE0D5AC007F8445 /* CHome.swift in Sources */ = {isa = PBXBuildFile; fileRef = DA75E4C71EE0D5AC007F8445 /* CHome.swift */; };
		DA75E4F01EE0D5AC007F8445 /* CAppDelegate.swift in Sources */ = {isa = PBXBuildFile; fileRef = DA75E4C91EE0D5AC007F8445 /* CAppDelegate.swift */; };
		DA75E4F11EE0D5AC007F8445 /* CController.swift in Sources */ = {isa = PBXBuildFile; fileRef = DA75E4CA1EE0D5AC007F8445 /* CController.swift */; };
		DA75E4F21EE0D5AC007F8445 /* CParent.swift in Sources */ = {isa = PBXBuildFile; fileRef = DA75E4CB1EE0D5AC007F8445 /* CParent.swift */; };
		DA75E4F31EE0D5AC007F8445 /* ExtensionDictionary.swift in Sources */ = {isa = PBXBuildFile; fileRef = DA75E4CE1EE0D5AC007F8445 /* ExtensionDictionary.swift */; };
		DA75E4F41EE0D5AC007F8445 /* ExtensionFileManager.swift in Sources */ = {isa = PBXBuildFile; fileRef = DA75E4CF1EE0D5AC007F8445 /* ExtensionFileManager.swift */; };
		DA75E4F51EE0D5AC007F8445 /* ExtensionNotification.swift in Sources */ = {isa = PBXBuildFile; fileRef = DA75E4D01EE0D5AC007F8445 /* ExtensionNotification.swift */; };
		DA75E4F61EE0D5AC007F8445 /* ExtensionNSLayoutConstraint.swift in Sources */ = {isa = PBXBuildFile; fileRef = DA75E4D11EE0D5AC007F8445 /* ExtensionNSLayoutConstraint.swift */; };
		DA75E4F71EE0D5AC007F8445 /* ExtensionNSManagedObject.swift in Sources */ = {isa = PBXBuildFile; fileRef = DA75E4D21EE0D5AC007F8445 /* ExtensionNSManagedObject.swift */; };
		DA75E4F81EE0D5AC007F8445 /* ExtensionString.swift in Sources */ = {isa = PBXBuildFile; fileRef = DA75E4D31EE0D5AC007F8445 /* ExtensionString.swift */; };
		DA75E4F91EE0D5AC007F8445 /* ExtensionUICollectionReusableView.swift in Sources */ = {isa = PBXBuildFile; fileRef = DA75E4D41EE0D5AC007F8445 /* ExtensionUICollectionReusableView.swift */; };
		DA75E4FA1EE0D5AC007F8445 /* ExtensionUIColor.swift in Sources */ = {isa = PBXBuildFile; fileRef = DA75E4D51EE0D5AC007F8445 /* ExtensionUIColor.swift */; };
		DA75E4FB1EE0D5AC007F8445 /* ExtensionUIFont.swift in Sources */ = {isa = PBXBuildFile; fileRef = DA75E4D61EE0D5AC007F8445 /* ExtensionUIFont.swift */; };
		DA75E4FC1EE0D5AC007F8445 /* ExtensionURL.swift in Sources */ = {isa = PBXBuildFile; fileRef = DA75E4D71EE0D5AC007F8445 /* ExtensionURL.swift */; };
		DA75E4FD1EE0D5AC007F8445 /* MSession.swift in Sources */ = {isa = PBXBuildFile; fileRef = DA75E4DB1EE0D5AC007F8445 /* MSession.swift */; };
		DA75E4FE1EE0D5AC007F8445 /* Localizable.strings in Resources */ = {isa = PBXBuildFile; fileRef = DA75E4DD1EE0D5AC007F8445 /* Localizable.strings */; };
		DA75E4FF1EE0D5AC007F8445 /* ResourceURL.plist in Resources */ = {isa = PBXBuildFile; fileRef = DA75E4DF1EE0D5AC007F8445 /* ResourceURL.plist */; };
		DA75E5001EE0D5AC007F8445 /* VHome.swift in Sources */ = {isa = PBXBuildFile; fileRef = DA75E4E21EE0D5AC007F8445 /* VHome.swift */; };
		DA75E5011EE0D5AC007F8445 /* VAlert.swift in Sources */ = {isa = PBXBuildFile; fileRef = DA75E4E41EE0D5AC007F8445 /* VAlert.swift */; };
		DA75E5021EE0D5AC007F8445 /* VBlur.swift in Sources */ = {isa = PBXBuildFile; fileRef = DA75E4E51EE0D5AC007F8445 /* VBlur.swift */; };
		DA75E5031EE0D5AC007F8445 /* VBorder.swift in Sources */ = {isa = PBXBuildFile; fileRef = DA75E4E61EE0D5AC007F8445 /* VBorder.swift */; };
		DA75E5041EE0D5AC007F8445 /* VCollection.swift in Sources */ = {isa = PBXBuildFile; fileRef = DA75E4E71EE0D5AC007F8445 /* VCollection.swift */; };
		DA75E5051EE0D5AC007F8445 /* VCollectionFlow.swift in Sources */ = {isa = PBXBuildFile; fileRef = DA75E4E81EE0D5AC007F8445 /* VCollectionFlow.swift */; };
		DA75E5061EE0D5AC007F8445 /* VParent.swift in Sources */ = {isa = PBXBuildFile; fileRef = DA75E4E91EE0D5AC007F8445 /* VParent.swift */; };
		DA75E5071EE0D5AC007F8445 /* VParentPushBackground.swift in Sources */ = {isa = PBXBuildFile; fileRef = DA75E4EA1EE0D5AC007F8445 /* VParentPushBackground.swift */; };
		DA75E5081EE0D5AC007F8445 /* VSpinner.swift in Sources */ = {isa = PBXBuildFile; fileRef = DA75E4EB1EE0D5AC007F8445 /* VSpinner.swift */; };
		DA75E5091EE0D5AC007F8445 /* VToast.swift in Sources */ = {isa = PBXBuildFile; fileRef = DA75E4EC1EE0D5AC007F8445 /* VToast.swift */; };
		DA75E50A1EE0D5AC007F8445 /* VView.swift in Sources */ = {isa = PBXBuildFile; fileRef = DA75E4ED1EE0D5AC007F8445 /* VView.swift */; };
		DA75E50D1EE0D849007F8445 /* CCreate.swift in Sources */ = {isa = PBXBuildFile; fileRef = DA75E50C1EE0D849007F8445 /* CCreate.swift */; };
		DA75E5101EE0D86F007F8445 /* VCreate.swift in Sources */ = {isa = PBXBuildFile; fileRef = DA75E50F1EE0D86F007F8445 /* VCreate.swift */; };
		DA75E5121EE0DD1D007F8445 /* VCreateBar.swift in Sources */ = {isa = PBXBuildFile; fileRef = DA75E5111EE0DD1D007F8445 /* VCreateBar.swift */; };
/* End PBXBuildFile section */

/* Begin PBXFileReference section */
		DA5146721EE0CB0900873C06 /* punknote.app */ = {isa = PBXFileReference; explicitFileType = wrapper.application; includeInIndex = 0; path = punknote.app; sourceTree = BUILT_PRODUCTS_DIR; };
		DA5146811EE0CB0900873C06 /* Info.plist */ = {isa = PBXFileReference; lastKnownFileType = text.plist.xml; path = Info.plist; sourceTree = "<group>"; };
		DA75E4C41EE0D5AC007F8445 /* LaunchScreen.storyboard */ = {isa = PBXFileReference; fileEncoding = 4; lastKnownFileType = file.storyboard; path = LaunchScreen.storyboard; sourceTree = "<group>"; };
		DA75E4C71EE0D5AC007F8445 /* CHome.swift */ = {isa = PBXFileReference; fileEncoding = 4; lastKnownFileType = sourcecode.swift; path = CHome.swift; sourceTree = "<group>"; };
		DA75E4C91EE0D5AC007F8445 /* CAppDelegate.swift */ = {isa = PBXFileReference; fileEncoding = 4; lastKnownFileType = sourcecode.swift; path = CAppDelegate.swift; sourceTree = "<group>"; };
		DA75E4CA1EE0D5AC007F8445 /* CController.swift */ = {isa = PBXFileReference; fileEncoding = 4; lastKnownFileType = sourcecode.swift; path = CController.swift; sourceTree = "<group>"; };
		DA75E4CB1EE0D5AC007F8445 /* CParent.swift */ = {isa = PBXFileReference; fileEncoding = 4; lastKnownFileType = sourcecode.swift; path = CParent.swift; sourceTree = "<group>"; };
		DA75E4CE1EE0D5AC007F8445 /* ExtensionDictionary.swift */ = {isa = PBXFileReference; fileEncoding = 4; lastKnownFileType = sourcecode.swift; path = ExtensionDictionary.swift; sourceTree = "<group>"; };
		DA75E4CF1EE0D5AC007F8445 /* ExtensionFileManager.swift */ = {isa = PBXFileReference; fileEncoding = 4; lastKnownFileType = sourcecode.swift; path = ExtensionFileManager.swift; sourceTree = "<group>"; };
		DA75E4D01EE0D5AC007F8445 /* ExtensionNotification.swift */ = {isa = PBXFileReference; fileEncoding = 4; lastKnownFileType = sourcecode.swift; path = ExtensionNotification.swift; sourceTree = "<group>"; };
		DA75E4D11EE0D5AC007F8445 /* ExtensionNSLayoutConstraint.swift */ = {isa = PBXFileReference; fileEncoding = 4; lastKnownFileType = sourcecode.swift; path = ExtensionNSLayoutConstraint.swift; sourceTree = "<group>"; };
		DA75E4D21EE0D5AC007F8445 /* ExtensionNSManagedObject.swift */ = {isa = PBXFileReference; fileEncoding = 4; lastKnownFileType = sourcecode.swift; path = ExtensionNSManagedObject.swift; sourceTree = "<group>"; };
		DA75E4D31EE0D5AC007F8445 /* ExtensionString.swift */ = {isa = PBXFileReference; fileEncoding = 4; lastKnownFileType = sourcecode.swift; path = ExtensionString.swift; sourceTree = "<group>"; };
		DA75E4D41EE0D5AC007F8445 /* ExtensionUICollectionReusableView.swift */ = {isa = PBXFileReference; fileEncoding = 4; lastKnownFileType = sourcecode.swift; path = ExtensionUICollectionReusableView.swift; sourceTree = "<group>"; };
		DA75E4D51EE0D5AC007F8445 /* ExtensionUIColor.swift */ = {isa = PBXFileReference; fileEncoding = 4; lastKnownFileType = sourcecode.swift; path = ExtensionUIColor.swift; sourceTree = "<group>"; };
		DA75E4D61EE0D5AC007F8445 /* ExtensionUIFont.swift */ = {isa = PBXFileReference; fileEncoding = 4; lastKnownFileType = sourcecode.swift; path = ExtensionUIFont.swift; sourceTree = "<group>"; };
		DA75E4D71EE0D5AC007F8445 /* ExtensionURL.swift */ = {isa = PBXFileReference; fileEncoding = 4; lastKnownFileType = sourcecode.swift; path = ExtensionURL.swift; sourceTree = "<group>"; };
		DA75E4DB1EE0D5AC007F8445 /* MSession.swift */ = {isa = PBXFileReference; fileEncoding = 4; lastKnownFileType = sourcecode.swift; path = MSession.swift; sourceTree = "<group>"; };
		DA75E4DE1EE0D5AC007F8445 /* en */ = {isa = PBXFileReference; lastKnownFileType = text.plist.strings; name = en; path = en.lproj/Localizable.strings; sourceTree = "<group>"; };
		DA75E4DF1EE0D5AC007F8445 /* ResourceURL.plist */ = {isa = PBXFileReference; fileEncoding = 4; lastKnownFileType = text.plist.xml; path = ResourceURL.plist; sourceTree = "<group>"; };
		DA75E4E21EE0D5AC007F8445 /* VHome.swift */ = {isa = PBXFileReference; fileEncoding = 4; lastKnownFileType = sourcecode.swift; path = VHome.swift; sourceTree = "<group>"; };
		DA75E4E41EE0D5AC007F8445 /* VAlert.swift */ = {isa = PBXFileReference; fileEncoding = 4; lastKnownFileType = sourcecode.swift; path = VAlert.swift; sourceTree = "<group>"; };
		DA75E4E51EE0D5AC007F8445 /* VBlur.swift */ = {isa = PBXFileReference; fileEncoding = 4; lastKnownFileType = sourcecode.swift; path = VBlur.swift; sourceTree = "<group>"; };
		DA75E4E61EE0D5AC007F8445 /* VBorder.swift */ = {isa = PBXFileReference; fileEncoding = 4; lastKnownFileType = sourcecode.swift; path = VBorder.swift; sourceTree = "<group>"; };
		DA75E4E71EE0D5AC007F8445 /* VCollection.swift */ = {isa = PBXFileReference; fileEncoding = 4; lastKnownFileType = sourcecode.swift; path = VCollection.swift; sourceTree = "<group>"; };
		DA75E4E81EE0D5AC007F8445 /* VCollectionFlow.swift */ = {isa = PBXFileReference; fileEncoding = 4; lastKnownFileType = sourcecode.swift; path = VCollectionFlow.swift; sourceTree = "<group>"; };
		DA75E4E91EE0D5AC007F8445 /* VParent.swift */ = {isa = PBXFileReference; fileEncoding = 4; lastKnownFileType = sourcecode.swift; path = VParent.swift; sourceTree = "<group>"; };
		DA75E4EA1EE0D5AC007F8445 /* VParentPushBackground.swift */ = {isa = PBXFileReference; fileEncoding = 4; lastKnownFileType = sourcecode.swift; path = VParentPushBackground.swift; sourceTree = "<group>"; };
		DA75E4EB1EE0D5AC007F8445 /* VSpinner.swift */ = {isa = PBXFileReference; fileEncoding = 4; lastKnownFileType = sourcecode.swift; path = VSpinner.swift; sourceTree = "<group>"; };
		DA75E4EC1EE0D5AC007F8445 /* VToast.swift */ = {isa = PBXFileReference; fileEncoding = 4; lastKnownFileType = sourcecode.swift; path = VToast.swift; sourceTree = "<group>"; };
		DA75E4ED1EE0D5AC007F8445 /* VView.swift */ = {isa = PBXFileReference; fileEncoding = 4; lastKnownFileType = sourcecode.swift; path = VView.swift; sourceTree = "<group>"; };
		DA75E50C1EE0D849007F8445 /* CCreate.swift */ = {isa = PBXFileReference; fileEncoding = 4; lastKnownFileType = sourcecode.swift; path = CCreate.swift; sourceTree = "<group>"; };
		DA75E50F1EE0D86F007F8445 /* VCreate.swift */ = {isa = PBXFileReference; fileEncoding = 4; lastKnownFileType = sourcecode.swift; path = VCreate.swift; sourceTree = "<group>"; };
		DA75E5111EE0DD1D007F8445 /* VCreateBar.swift */ = {isa = PBXFileReference; fileEncoding = 4; lastKnownFileType = sourcecode.swift; path = VCreateBar.swift; sourceTree = "<group>"; };
/* End PBXFileReference section */

/* Begin PBXFrameworksBuildPhase section */
		DA51466F1EE0CB0900873C06 /* Frameworks */ = {
			isa = PBXFrameworksBuildPhase;
			buildActionMask = 2147483647;
			files = (
			);
			runOnlyForDeploymentPostprocessing = 0;
		};
/* End PBXFrameworksBuildPhase section */

/* Begin PBXGroup section */
		DA5146691EE0CB0900873C06 = {
			isa = PBXGroup;
			children = (
				DA5146741EE0CB0900873C06 /* punknote */,
				DA5146731EE0CB0900873C06 /* Products */,
			);
			sourceTree = "<group>";
		};
		DA5146731EE0CB0900873C06 /* Products */ = {
			isa = PBXGroup;
			children = (
				DA5146721EE0CB0900873C06 /* punknote.app */,
			);
			name = Products;
			sourceTree = "<group>";
		};
		DA5146741EE0CB0900873C06 /* punknote */ = {
			isa = PBXGroup;
			children = (
				DA75E4C31EE0D5AC007F8445 /* Assets */,
				DA75E4C51EE0D5AC007F8445 /* Controller */,
				DA75E4CC1EE0D5AC007F8445 /* Data */,
				DA75E4CD1EE0D5AC007F8445 /* Extensions */,
				DA75E4D81EE0D5AC007F8445 /* Model */,
				DA75E4DC1EE0D5AC007F8445 /* Resource */,
				DA75E4E01EE0D5AC007F8445 /* View */,
				DA5146811EE0CB0900873C06 /* Info.plist */,
			);
			path = punknote;
			sourceTree = "<group>";
		};
		DA75E4C31EE0D5AC007F8445 /* Assets */ = {
			isa = PBXGroup;
			children = (
				DA75E4C41EE0D5AC007F8445 /* LaunchScreen.storyboard */,
			);
			path = Assets;
			sourceTree = "<group>";
		};
		DA75E4C51EE0D5AC007F8445 /* Controller */ = {
			isa = PBXGroup;
			children = (
				DA75E50B1EE0D840007F8445 /* Create */,
				DA75E4C61EE0D5AC007F8445 /* Home */,
				DA75E4C81EE0D5AC007F8445 /* Main */,
			);
			path = Controller;
			sourceTree = "<group>";
		};
		DA75E4C61EE0D5AC007F8445 /* Home */ = {
			isa = PBXGroup;
			children = (
				DA75E4C71EE0D5AC007F8445 /* CHome.swift */,
			);
			path = Home;
			sourceTree = "<group>";
		};
		DA75E4C81EE0D5AC007F8445 /* Main */ = {
			isa = PBXGroup;
			children = (
				DA75E4C91EE0D5AC007F8445 /* CAppDelegate.swift */,
				DA75E4CA1EE0D5AC007F8445 /* CController.swift */,
				DA75E4CB1EE0D5AC007F8445 /* CParent.swift */,
			);
			path = Main;
			sourceTree = "<group>";
		};
		DA75E4CC1EE0D5AC007F8445 /* Data */ = {
			isa = PBXGroup;
			children = (
			);
			path = Data;
			sourceTree = "<group>";
		};
		DA75E4CD1EE0D5AC007F8445 /* Extensions */ = {
			isa = PBXGroup;
			children = (
				DA75E4CE1EE0D5AC007F8445 /* ExtensionDictionary.swift */,
				DA75E4CF1EE0D5AC007F8445 /* ExtensionFileManager.swift */,
				DA75E4D01EE0D5AC007F8445 /* ExtensionNotification.swift */,
				DA75E4D11EE0D5AC007F8445 /* ExtensionNSLayoutConstraint.swift */,
				DA75E4D21EE0D5AC007F8445 /* ExtensionNSManagedObject.swift */,
				DA75E4D31EE0D5AC007F8445 /* ExtensionString.swift */,
				DA75E4D41EE0D5AC007F8445 /* ExtensionUICollectionReusableView.swift */,
				DA75E4D51EE0D5AC007F8445 /* ExtensionUIColor.swift */,
				DA75E4D61EE0D5AC007F8445 /* ExtensionUIFont.swift */,
				DA75E4D71EE0D5AC007F8445 /* ExtensionURL.swift */,
			);
			path = Extensions;
			sourceTree = "<group>";
		};
		DA75E4D81EE0D5AC007F8445 /* Model */ = {
			isa = PBXGroup;
			children = (
				DA75E4D91EE0D5AC007F8445 /* Home */,
				DA75E4DA1EE0D5AC007F8445 /* Main */,
			);
			path = Model;
			sourceTree = "<group>";
		};
		DA75E4D91EE0D5AC007F8445 /* Home */ = {
			isa = PBXGroup;
			children = (
			);
			path = Home;
			sourceTree = "<group>";
		};
		DA75E4DA1EE0D5AC007F8445 /* Main */ = {
			isa = PBXGroup;
			children = (
				DA75E4DB1EE0D5AC007F8445 /* MSession.swift */,
			);
			path = Main;
			sourceTree = "<group>";
		};
		DA75E4DC1EE0D5AC007F8445 /* Resource */ = {
			isa = PBXGroup;
			children = (
				DA75E4DD1EE0D5AC007F8445 /* Localizable.strings */,
				DA75E4DF1EE0D5AC007F8445 /* ResourceURL.plist */,
			);
			path = Resource;
			sourceTree = "<group>";
		};
		DA75E4E01EE0D5AC007F8445 /* View */ = {
			isa = PBXGroup;
			children = (
				DA75E50E1EE0D868007F8445 /* Create */,
				DA75E4E11EE0D5AC007F8445 /* Home */,
				DA75E4E31EE0D5AC007F8445 /* Main */,
			);
			path = View;
			sourceTree = "<group>";
		};
		DA75E4E11EE0D5AC007F8445 /* Home */ = {
			isa = PBXGroup;
			children = (
				DA75E4E21EE0D5AC007F8445 /* VHome.swift */,
			);
			path = Home;
			sourceTree = "<group>";
		};
		DA75E4E31EE0D5AC007F8445 /* Main */ = {
			isa = PBXGroup;
			children = (
				DA75E4E41EE0D5AC007F8445 /* VAlert.swift */,
				DA75E4E51EE0D5AC007F8445 /* VBlur.swift */,
				DA75E4E61EE0D5AC007F8445 /* VBorder.swift */,
				DA75E4E71EE0D5AC007F8445 /* VCollection.swift */,
				DA75E4E81EE0D5AC007F8445 /* VCollectionFlow.swift */,
				DA75E4E91EE0D5AC007F8445 /* VParent.swift */,
				DA75E4EA1EE0D5AC007F8445 /* VParentPushBackground.swift */,
				DA75E4EB1EE0D5AC007F8445 /* VSpinner.swift */,
				DA75E4EC1EE0D5AC007F8445 /* VToast.swift */,
				DA75E4ED1EE0D5AC007F8445 /* VView.swift */,
			);
			path = Main;
			sourceTree = "<group>";
		};
		DA75E50B1EE0D840007F8445 /* Create */ = {
			isa = PBXGroup;
			children = (
				DA75E50C1EE0D849007F8445 /* CCreate.swift */,
			);
			path = Create;
			sourceTree = "<group>";
		};
		DA75E50E1EE0D868007F8445 /* Create */ = {
			isa = PBXGroup;
			children = (
				DA75E50F1EE0D86F007F8445 /* VCreate.swift */,
				DA75E5111EE0DD1D007F8445 /* VCreateBar.swift */,
			);
			path = Create;
			sourceTree = "<group>";
		};
/* End PBXGroup section */

/* Begin PBXNativeTarget section */
		DA5146711EE0CB0900873C06 /* punknote */ = {
			isa = PBXNativeTarget;
			buildConfigurationList = DA5146841EE0CB0900873C06 /* Build configuration list for PBXNativeTarget "punknote" */;
			buildPhases = (
				DA51466E1EE0CB0900873C06 /* Sources */,
				DA51466F1EE0CB0900873C06 /* Frameworks */,
				DA5146701EE0CB0900873C06 /* Resources */,
			);
			buildRules = (
			);
			dependencies = (
			);
			name = punknote;
			productName = punknote;
			productReference = DA5146721EE0CB0900873C06 /* punknote.app */;
			productType = "com.apple.product-type.application";
		};
/* End PBXNativeTarget section */

/* Begin PBXProject section */
		DA51466A1EE0CB0900873C06 /* Project object */ = {
			isa = PBXProject;
			attributes = {
				LastSwiftUpdateCheck = 0830;
				LastUpgradeCheck = 0830;
				ORGANIZATIONNAME = iturbide;
				TargetAttributes = {
					DA5146711EE0CB0900873C06 = {
						CreatedOnToolsVersion = 8.3.2;
						DevelopmentTeam = 7AMWG3RLHN;
						ProvisioningStyle = Automatic;
					};
				};
			};
			buildConfigurationList = DA51466D1EE0CB0900873C06 /* Build configuration list for PBXProject "punknote" */;
			compatibilityVersion = "Xcode 3.2";
			developmentRegion = English;
			hasScannedForEncodings = 0;
			knownRegions = (
				en,
			);
			mainGroup = DA5146691EE0CB0900873C06;
			productRefGroup = DA5146731EE0CB0900873C06 /* Products */;
			projectDirPath = "";
			projectRoot = "";
			targets = (
				DA5146711EE0CB0900873C06 /* punknote */,
			);
		};
/* End PBXProject section */

/* Begin PBXResourcesBuildPhase section */
		DA5146701EE0CB0900873C06 /* Resources */ = {
			isa = PBXResourcesBuildPhase;
			buildActionMask = 2147483647;
			files = (
				DA75E4EE1EE0D5AC007F8445 /* LaunchScreen.storyboard in Resources */,
				DA75E4FE1EE0D5AC007F8445 /* Localizable.strings in Resources */,
				DA75E4FF1EE0D5AC007F8445 /* ResourceURL.plist in Resources */,
			);
			runOnlyForDeploymentPostprocessing = 0;
		};
/* End PBXResourcesBuildPhase section */

/* Begin PBXSourcesBuildPhase section */
		DA51466E1EE0CB0900873C06 /* Sources */ = {
			isa = PBXSourcesBuildPhase;
			buildActionMask = 2147483647;
			files = (
				DA75E5051EE0D5AC007F8445 /* VCollectionFlow.swift in Sources */,
				DA75E4F81EE0D5AC007F8445 /* ExtensionString.swift in Sources */,
				DA75E4F31EE0D5AC007F8445 /* ExtensionDictionary.swift in Sources */,
				DA75E4F71EE0D5AC007F8445 /* ExtensionNSManagedObject.swift in Sources */,
				DA75E5021EE0D5AC007F8445 /* VBlur.swift in Sources */,
				DA75E5031EE0D5AC007F8445 /* VBorder.swift in Sources */,
				DA75E5081EE0D5AC007F8445 /* VSpinner.swift in Sources */,
				DA75E4F41EE0D5AC007F8445 /* ExtensionFileManager.swift in Sources */,
				DA75E4F51EE0D5AC007F8445 /* ExtensionNotification.swift in Sources */,
				DA75E5001EE0D5AC007F8445 /* VHome.swift in Sources */,
				DA75E4FB1EE0D5AC007F8445 /* ExtensionUIFont.swift in Sources */,
				DA75E4F01EE0D5AC007F8445 /* CAppDelegate.swift in Sources */,
				DA75E5121EE0DD1D007F8445 /* VCreateBar.swift in Sources */,
				DA75E4F21EE0D5AC007F8445 /* CParent.swift in Sources */,
				DA75E4FA1EE0D5AC007F8445 /* ExtensionUIColor.swift in Sources */,
				DA75E5101EE0D86F007F8445 /* VCreate.swift in Sources */,
				DA75E4F91EE0D5AC007F8445 /* ExtensionUICollectionReusableView.swift in Sources */,
				DA75E50A1EE0D5AC007F8445 /* VView.swift in Sources */,
				DA75E5061EE0D5AC007F8445 /* VParent.swift in Sources */,
				DA75E4EF1EE0D5AC007F8445 /* CHome.swift in Sources */,
				DA75E5041EE0D5AC007F8445 /* VCollection.swift in Sources */,
				DA75E5011EE0D5AC007F8445 /* VAlert.swift in Sources */,
				DA75E4F11EE0D5AC007F8445 /* CController.swift in Sources */,
				DA75E5071EE0D5AC007F8445 /* VParentPushBackground.swift in Sources */,
				DA75E5091EE0D5AC007F8445 /* VToast.swift in Sources */,
				DA75E4F61EE0D5AC007F8445 /* ExtensionNSLayoutConstraint.swift in Sources */,
				DA75E4FD1EE0D5AC007F8445 /* MSession.swift in Sources */,
				DA75E4FC1EE0D5AC007F8445 /* ExtensionURL.swift in Sources */,
				DA75E50D1EE0D849007F8445 /* CCreate.swift in Sources */,
			);
			runOnlyForDeploymentPostprocessing = 0;
		};
/* End PBXSourcesBuildPhase section */

/* Begin PBXVariantGroup section */
		DA75E4DD1EE0D5AC007F8445 /* Localizable.strings */ = {
			isa = PBXVariantGroup;
			children = (
				DA75E4DE1EE0D5AC007F8445 /* en */,
			);
			name = Localizable.strings;
			sourceTree = "<group>";
		};
/* End PBXVariantGroup section */

/* Begin XCBuildConfiguration section */
		DA5146821EE0CB0900873C06 /* Debug */ = {
			isa = XCBuildConfiguration;
			buildSettings = {
				ALWAYS_SEARCH_USER_PATHS = NO;
				CLANG_ANALYZER_NONNULL = YES;
				CLANG_ANALYZER_NUMBER_OBJECT_CONVERSION = YES_AGGRESSIVE;
				CLANG_CXX_LANGUAGE_STANDARD = "gnu++0x";
				CLANG_CXX_LIBRARY = "libc++";
				CLANG_ENABLE_MODULES = NO;
				CLANG_ENABLE_OBJC_ARC = NO;
				CLANG_LINK_OBJC_RUNTIME = NO;
				CLANG_WARN_BOOL_CONVERSION = YES;
				CLANG_WARN_CONSTANT_CONVERSION = YES;
				CLANG_WARN_DIRECT_OBJC_ISA_USAGE = YES_ERROR;
				CLANG_WARN_DOCUMENTATION_COMMENTS = YES;
				CLANG_WARN_EMPTY_BODY = YES;
				CLANG_WARN_ENUM_CONVERSION = YES;
				CLANG_WARN_INFINITE_RECURSION = YES;
				CLANG_WARN_INT_CONVERSION = YES;
				CLANG_WARN_OBJC_ROOT_CLASS = YES_ERROR;
				CLANG_WARN_SUSPICIOUS_MOVE = YES;
				CLANG_WARN_UNREACHABLE_CODE = YES;
				CLANG_WARN__DUPLICATE_METHOD_MATCH = YES;
				"CODE_SIGN_IDENTITY[sdk=iphoneos*]" = "iPhone Developer";
				COPY_PHASE_STRIP = NO;
				DEBUG_INFORMATION_FORMAT = dwarf;
				ENABLE_STRICT_OBJC_MSGSEND = YES;
				ENABLE_TESTABILITY = YES;
				GCC_C_LANGUAGE_STANDARD = gnu99;
				GCC_DYNAMIC_NO_PIC = NO;
				GCC_ENABLE_OBJC_EXCEPTIONS = NO;
				GCC_NO_COMMON_BLOCKS = YES;
				GCC_OPTIMIZATION_LEVEL = 0;
				GCC_PREPROCESSOR_DEFINITIONS = (
					"DEBUG=1",
					"$(inherited)",
				);
				GCC_WARN_64_TO_32_BIT_CONVERSION = YES;
				GCC_WARN_ABOUT_RETURN_TYPE = YES_ERROR;
				GCC_WARN_UNDECLARED_SELECTOR = YES;
				GCC_WARN_UNINITIALIZED_AUTOS = YES_AGGRESSIVE;
				GCC_WARN_UNUSED_FUNCTION = YES;
				GCC_WARN_UNUSED_VARIABLE = YES;
				IPHONEOS_DEPLOYMENT_TARGET = 9.0;
				MTL_ENABLE_DEBUG_INFO = YES;
				ONLY_ACTIVE_ARCH = YES;
				SDKROOT = iphoneos;
				SWIFT_ACTIVE_COMPILATION_CONDITIONS = DEBUG;
				SWIFT_INSTALL_OBJC_HEADER = NO;
				SWIFT_OPTIMIZATION_LEVEL = "-Onone";
				TARGETED_DEVICE_FAMILY = "1,2";
			};
			name = Debug;
		};
		DA5146831EE0CB0900873C06 /* Release */ = {
			isa = XCBuildConfiguration;
			buildSettings = {
				ALWAYS_SEARCH_USER_PATHS = NO;
				CLANG_ANALYZER_NONNULL = YES;
				CLANG_ANALYZER_NUMBER_OBJECT_CONVERSION = YES_AGGRESSIVE;
				CLANG_CXX_LANGUAGE_STANDARD = "gnu++0x";
				CLANG_CXX_LIBRARY = "libc++";
				CLANG_ENABLE_MODULES = NO;
				CLANG_ENABLE_OBJC_ARC = NO;
				CLANG_LINK_OBJC_RUNTIME = NO;
				CLANG_WARN_BOOL_CONVERSION = YES;
				CLANG_WARN_CONSTANT_CONVERSION = YES;
				CLANG_WARN_DIRECT_OBJC_ISA_USAGE = YES_ERROR;
				CLANG_WARN_DOCUMENTATION_COMMENTS = YES;
				CLANG_WARN_EMPTY_BODY = YES;
				CLANG_WARN_ENUM_CONVERSION = YES;
				CLANG_WARN_INFINITE_RECURSION = YES;
				CLANG_WARN_INT_CONVERSION = YES;
				CLANG_WARN_OBJC_ROOT_CLASS = YES_ERROR;
				CLANG_WARN_SUSPICIOUS_MOVE = YES;
				CLANG_WARN_UNREACHABLE_CODE = YES;
				CLANG_WARN__DUPLICATE_METHOD_MATCH = YES;
				"CODE_SIGN_IDENTITY[sdk=iphoneos*]" = "iPhone Developer";
				COPY_PHASE_STRIP = NO;
				DEBUG_INFORMATION_FORMAT = "dwarf-with-dsym";
				ENABLE_NS_ASSERTIONS = NO;
				ENABLE_STRICT_OBJC_MSGSEND = YES;
				GCC_C_LANGUAGE_STANDARD = gnu99;
				GCC_ENABLE_OBJC_EXCEPTIONS = NO;
				GCC_NO_COMMON_BLOCKS = YES;
				GCC_WARN_64_TO_32_BIT_CONVERSION = YES;
				GCC_WARN_ABOUT_RETURN_TYPE = YES_ERROR;
				GCC_WARN_UNDECLARED_SELECTOR = YES;
				GCC_WARN_UNINITIALIZED_AUTOS = YES_AGGRESSIVE;
				GCC_WARN_UNUSED_FUNCTION = YES;
				GCC_WARN_UNUSED_VARIABLE = YES;
				IPHONEOS_DEPLOYMENT_TARGET = 9.0;
				MTL_ENABLE_DEBUG_INFO = NO;
				SDKROOT = iphoneos;
				SWIFT_INSTALL_OBJC_HEADER = NO;
				SWIFT_OPTIMIZATION_LEVEL = "-Owholemodule";
				TARGETED_DEVICE_FAMILY = "1,2";
				VALIDATE_PRODUCT = YES;
			};
			name = Release;
		};
		DA5146851EE0CB0900873C06 /* Debug */ = {
			isa = XCBuildConfiguration;
			buildSettings = {
				CLANG_WARN__ARC_BRIDGE_CAST_NONARC = NO;
				DEVELOPMENT_TEAM = 7AMWG3RLHN;
				INFOPLIST_FILE = punknote/Info.plist;
				LD_RUNPATH_SEARCH_PATHS = "$(inherited) @executable_path/Frameworks";
				PRODUCT_BUNDLE_IDENTIFIER = iturbide.punknote;
				PRODUCT_NAME = "$(TARGET_NAME)";
				SWIFT_VERSION = 3.0;
				TARGETED_DEVICE_FAMILY = "1,2";
			};
			name = Debug;
		};
		DA5146861EE0CB0900873C06 /* Release */ = {
			isa = XCBuildConfiguration;
			buildSettings = {
				CLANG_WARN__ARC_BRIDGE_CAST_NONARC = NO;
				DEVELOPMENT_TEAM = 7AMWG3RLHN;
				INFOPLIST_FILE = punknote/Info.plist;
				LD_RUNPATH_SEARCH_PATHS = "$(inherited) @executable_path/Frameworks";
				PRODUCT_BUNDLE_IDENTIFIER = iturbide.punknote;
				PRODUCT_NAME = "$(TARGET_NAME)";
				SWIFT_VERSION = 3.0;
				TARGETED_DEVICE_FAMILY = "1,2";
			};
			name = Release;
		};
/* End XCBuildConfiguration section */

/* Begin XCConfigurationList section */
		DA51466D1EE0CB0900873C06 /* Build configuration list for PBXProject "punknote" */ = {
			isa = XCConfigurationList;
			buildConfigurations = (
				DA5146821EE0CB0900873C06 /* Debug */,
				DA5146831EE0CB0900873C06 /* Release */,
			);
			defaultConfigurationIsVisible = 0;
			defaultConfigurationName = Release;
		};
		DA5146841EE0CB0900873C06 /* Build configuration list for PBXNativeTarget "punknote" */ = {
			isa = XCConfigurationList;
			buildConfigurations = (
				DA5146851EE0CB0900873C06 /* Debug */,
				DA5146861EE0CB0900873C06 /* Release */,
			);
			defaultConfigurationIsVisible = 0;
			defaultConfigurationName = Release;
		};
/* End XCConfigurationList section */
	};
	rootObject = DA51466A1EE0CB0900873C06 /* Project object */;
}
